
Microsoft Visual Studio Solution File, Format Version 12.00
# Visual Studio 15
VisualStudioVersion = 15.0.27428.2005
MinimumVisualStudioVersion = 10.0.40219.1
Project("{FAE04EC0-301F-11D3-BF4B-00C04F79EFBC}") = "YuMi.NieRexper", "YuMi.NieRexper\YuMi.NieRexper.csproj", "{4880BEA1-284F-476B-B919-D4C59D24B26A}"
EndProject
Global
	GlobalSection(SolutionConfigurationPlatforms) = preSolution
		Debug|Any CPU = Debug|Any CPU
		Release|Any CPU = Release|Any CPU
	EndGlobalSection
	GlobalSection(ProjectConfigurationPlatforms) = postSolution
		{4880BEA1-284F-476B-B919-D4C59D24B26A}.Debug|Any CPU.ActiveCfg = Debug|Any CPU
		{4880BEA1-284F-476B-B919-D4C59D24B26A}.Debug|Any CPU.Build.0 = Debug|Any CPU
		{4880BEA1-284F-476B-B919-D4C59D24B26A}.Release|Any CPU.ActiveCfg = Release|Any CPU
		{4880BEA1-284F-476B-B919-D4C59D24B26A}.Release|Any CPU.Build.0 = Release|Any CPU
	EndGlobalSection
	GlobalSection(SolutionProperties) = preSolution
		HideSolutionNode = FALSE
	EndGlobalSection
	GlobalSection(ExtensibilityGlobals) = postSolution
		SolutionGuid = {9FDE89CB-85A0-4A8F-9A97-D8265173E5E2}
	EndGlobalSection
EndGlobal
